
Microsoft Visual Studio Solution File, Format Version 12.00
# Visual Studio Version 17
VisualStudioVersion = 17.14.36109.1 d17.14
MinimumVisualStudioVersion = 10.0.40219.1
Project("{FAE04EC0-301F-11D3-BF4B-00C04F79EFBC}") = "C# Övning 1 - Personalregister", "C# Övning 1 - Personalregister\C# Övning 1 - Personalregister.csproj", "{BEA8EAD0-1037-4B39-8D82-A747DB0ADA8A}"
EndProject
Global
	GlobalSection(SolutionConfigurationPlatforms) = preSolution
		Debug|Any CPU = Debug|Any CPU
		Release|Any CPU = Release|Any CPU
	EndGlobalSection
	GlobalSection(ProjectConfigurationPlatforms) = postSolution
		{BEA8EAD0-1037-4B39-8D82-A747DB0ADA8A}.Debug|Any CPU.ActiveCfg = Debug|Any CPU
		{BEA8EAD0-1037-4B39-8D82-A747DB0ADA8A}.Debug|Any CPU.Build.0 = Debug|Any CPU
		{BEA8EAD0-1037-4B39-8D82-A747DB0ADA8A}.Release|Any CPU.ActiveCfg = Release|Any CPU
		{BEA8EAD0-1037-4B39-8D82-A747DB0ADA8A}.Release|Any CPU.Build.0 = Release|Any CPU
	EndGlobalSection
	GlobalSection(SolutionProperties) = preSolution
		HideSolutionNode = FALSE
	EndGlobalSection
	GlobalSection(ExtensibilityGlobals) = postSolution
		SolutionGuid = {F0A07AC1-B0D4-415B-A5EF-085802326F6A}
	EndGlobalSection
EndGlobal
